// !$*UTF8*$!
{
	archiveVersion = 1;
	classes = {
	};
	objectVersion = 77;
	objects = {

/* Begin PBXBuildFile section */
		AA11AA11AA11AA11AA11AA01 /* Textual in Frameworks */ = {isa = PBXBuildFile; productRef = AA11AA11AA11AA11AA11AA13 /* Textual */; };
/* End PBXBuildFile section */

/* Begin PBXFileReference section */
		AA11AA11AA11AA11AA11AA02 /* MarkdownReader.app */ = {isa = PBXFileReference; explicitFileType = wrapper.application; includeInIndex = 0; path = MarkdownReader.app; sourceTree = BUILT_PRODUCTS_DIR; };
/* End PBXFileReference section */

/* Begin PBXFileSystemSynchronizedBuildFileExceptionSet section */
		AA11AA11AA11AA11AA11AA03 /* PBXFileSystemSynchronizedBuildFileExceptionSet */ = {
			isa = PBXFileSystemSynchronizedBuildFileExceptionSet;
			membershipExceptions = (
				Info.plist,
			);
			target = AA11AA11AA11AA11AA11AA08 /* MarkdownReader */;
		};
/* End PBXFileSystemSynchronizedBuildFileExceptionSet section */

/* Begin PBXFileSystemSynchronizedRootGroup section */
		AA11AA11AA11AA11AA11AA04 /* MarkdownReader */ = {
			isa = PBXFileSystemSynchronizedRootGroup;
			exceptions = (
				AA11AA11AA11AA11AA11AA03 /* PBXFileSystemSynchronizedBuildFileExceptionSet */,
			);
			path = MarkdownReader;
			sourceTree = "<group>";
		};
/* End PBXFileSystemSynchronizedRootGroup section */

/* Begin PBXFrameworksBuildPhase section */
		AA11AA11AA11AA11AA11AA05 /* Frameworks */ = {
			isa = PBXFrameworksBuildPhase;
			buildActionMask = 2147483647;
			files = (
				AA11AA11AA11AA11AA11AA01 /* Textual in Frameworks */,
			);
			runOnlyForDeploymentPostprocessing = 0;
		};
/* End PBXFrameworksBuildPhase section */

/* Begin PBXGroup section */
		AA11AA11AA11AA11AA11AA06 = {
			isa = PBXGroup;
			children = (
				AA11AA11AA11AA11AA11AA04 /* MarkdownReader */,
				AA11AA11AA11AA11AA11AA07 /* Products */,
			);
			sourceTree = "<group>";
		};
		AA11AA11AA11AA11AA11AA07 /* Products */ = {
			isa = PBXGroup;
			children = (
				AA11AA11AA11AA11AA11AA02 /* MarkdownReader.app */,
			);
			name = Products;
			sourceTree = "<group>";
		};
/* End PBXGroup section */

/* Begin PBXNativeTarget section */
		AA11AA11AA11AA11AA11AA08 /* MarkdownReader */ = {
			isa = PBXNativeTarget;
			buildConfigurationList = AA11AA11AA11AA11AA11AA11 /* Build configuration list for PBXNativeTarget "MarkdownReader" */;
			buildPhases = (
				AA11AA11AA11AA11AA11AA0B /* Sources */,
				AA11AA11AA11AA11AA11AA05 /* Frameworks */,
				AA11AA11AA11AA11AA11AA0A /* Resources */,
			);
			buildRules = (
			);
			dependencies = (
			);
			fileSystemSynchronizedGroups = (
				AA11AA11AA11AA11AA11AA04 /* MarkdownReader */,
			);
			name = MarkdownReader;
			packageProductDependencies = (
				AA11AA11AA11AA11AA11AA13 /* Textual */,
			);
			productName = MarkdownReader;
			productReference = AA11AA11AA11AA11AA11AA02 /* MarkdownReader.app */;
			productType = "com.apple.product-type.application";
		};
/* End PBXNativeTarget section */

/* Begin PBXProject section */
		AA11AA11AA11AA11AA11AA09 /* Project object */ = {
			isa = PBXProject;
			attributes = {
				BuildIndependentTargetsInParallel = 1;
				LastSwiftUpdateCheck = 1600;
				LastUpgradeCheck = 1600;
				TargetAttributes = {
					AA11AA11AA11AA11AA11AA08 = {
						CreatedOnToolsVersion = 16.0;
					};
				};
			};
			buildConfigurationList = AA11AA11AA11AA11AA11AA10 /* Build configuration list for PBXProject "MarkdownReader" */;
			developmentRegion = en;
			hasScannedForEncodings = 0;
			knownRegions = (
				en,
				Base,
			);
			mainGroup = AA11AA11AA11AA11AA11AA06;
			minimizedProjectReferenceProxies = 1;
			packageReferences = (
				AA11AA11AA11AA11AA11AA12 /* XCRemoteSwiftPackageReference "textual" */,
			);
			preferredProjectObjectVersion = 77;
			productRefGroup = AA11AA11AA11AA11AA11AA07 /* Products */;
			projectDirPath = "";
			projectRoot = "";
			targets = (
				AA11AA11AA11AA11AA11AA08 /* MarkdownReader */,
			);
		};
/* End PBXProject section */

/* Begin PBXResourcesBuildPhase section */
		AA11AA11AA11AA11AA11AA0A /* Resources */ = {
			isa = PBXResourcesBuildPhase;
			buildActionMask = 2147483647;
			files = (
			);
			runOnlyForDeploymentPostprocessing = 0;
		};
/* End PBXResourcesBuildPhase section */

/* Begin PBXSourcesBuildPhase section */
		AA11AA11AA11AA11AA11AA0B /* Sources */ = {
			isa = PBXSourcesBuildPhase;
			buildActionMask = 2147483647;
			files = (
			);
			runOnlyForDeploymentPostprocessing = 0;
		};
/* End PBXSourcesBuildPhase section */

/* Begin XCBuildConfiguration section */
		AA11AA11AA11AA11AA11AA0C /* Debug */ = {
			isa = XCBuildConfiguration;
			buildSettings = {
				ALWAYS_SEARCH_USER_PATHS = NO;
				CLANG_ENABLE_MODULES = YES;
				CLANG_ENABLE_OBJC_ARC = YES;
				COPY_PHASE_STRIP = NO;
				DEBUG_INFORMATION_FORMAT = dwarf;
				ENABLE_STRICT_OBJC_MSGSEND = YES;
				ENABLE_TESTABILITY = YES;
				GCC_C_LANGUAGE_STANDARD = gnu17;
				GCC_DYNAMIC_NO_PIC = NO;
				GCC_NO_COMMON_BLOCKS = YES;
				GCC_OPTIMIZATION_LEVEL = 0;
				GCC_PREPROCESSOR_DEFINITIONS = (
					"DEBUG=1",
					"$(inherited)",
				);
				IPHONEOS_DEPLOYMENT_TARGET = 18.0;
				ONLY_ACTIVE_ARCH = YES;
				SDKROOT = iphoneos;
				SWIFT_ACTIVE_COMPILATION_CONDITIONS = "DEBUG $(inherited)";
				SWIFT_OPTIMIZATION_LEVEL = "-Onone";
			};
			name = Debug;
		};
		AA11AA11AA11AA11AA11AA0D /* Release */ = {
			isa = XCBuildConfiguration;
			buildSettings = {
				ALWAYS_SEARCH_USER_PATHS = NO;
				CLANG_ENABLE_MODULES = YES;
				CLANG_ENABLE_OBJC_ARC = YES;
				COPY_PHASE_STRIP = NO;
				DEBUG_INFORMATION_FORMAT = "dwarf-with-dsym";
				ENABLE_NS_ASSERTIONS = NO;
				ENABLE_STRICT_OBJC_MSGSEND = YES;
				GCC_C_LANGUAGE_STANDARD = gnu17;
				GCC_NO_COMMON_BLOCKS = YES;
				IPHONEOS_DEPLOYMENT_TARGET = 18.0;
				SDKROOT = iphoneos;
				SWIFT_COMPILATION_MODE = wholemodule;
				VALIDATE_PRODUCT = YES;
			};
			name = Release;
		};
		AA11AA11AA11AA11AA11AA0E /* Debug */ = {
			isa = XCBuildConfiguration;
			buildSettings = {
				ASSETCATALOG_COMPILER_APPICON_NAME = AppIcon;
				CODE_SIGN_STYLE = Automatic;
				CURRENT_PROJECT_VERSION = 1;
				DEVELOPMENT_TEAM = "";
				GENERATE_INFOPLIST_FILE = NO;
				INFOPLIST_FILE = MarkdownReader/Info.plist;
				IPHONEOS_DEPLOYMENT_TARGET = 18.0;
				LD_RUNPATH_SEARCH_PATHS = (
					"$(inherited)",
					"@executable_path/Frameworks",
				);
				MARKETING_VERSION = 1.0;
				PRODUCT_BUNDLE_IDENTIFIER = com.stell.MarkdownReader;
				PRODUCT_NAME = "$(TARGET_NAME)";
				SWIFT_EMIT_LOC_STRINGS = YES;
				SWIFT_VERSION = 5.0;
				TARGETED_DEVICE_FAMILY = "1,2";
			};
			name = Debug;
		};
		AA11AA11AA11AA11AA11AA0F /* Release */ = {
			isa = XCBuildConfiguration;
			buildSettings = {
				ASSETCATALOG_COMPILER_APPICON_NAME = AppIcon;
				CODE_SIGN_STYLE = Automatic;
				CURRENT_PROJECT_VERSION = 1;
				DEVELOPMENT_TEAM = "";
				GENERATE_INFOPLIST_FILE = NO;
				INFOPLIST_FILE = MarkdownReader/Info.plist;
				IPHONEOS_DEPLOYMENT_TARGET = 18.0;
				LD_RUNPATH_SEARCH_PATHS = (
					"$(inherited)",
					"@executable_path/Frameworks",
				);
				MARKETING_VERSION = 1.0;
				PRODUCT_BUNDLE_IDENTIFIER = com.stell.MarkdownReader;
				PRODUCT_NAME = "$(TARGET_NAME)";
				SWIFT_EMIT_LOC_STRINGS = YES;
				SWIFT_VERSION = 5.0;
				TARGETED_DEVICE_FAMILY = "1,2";
			};
			name = Release;
		};
/* End XCBuildConfiguration section */

/* Begin XCConfigurationList section */
		AA11AA11AA11AA11AA11AA10 /* Build configuration list for PBXProject "MarkdownReader" */ = {
			isa = XCConfigurationList;
			buildConfigurations = (
				AA11AA11AA11AA11AA11AA0C /* Debug */,
				AA11AA11AA11AA11AA11AA0D /* Release */,
			);
			defaultConfigurationIsVisible = 0;
			defaultConfigurationName = Release;
		};
		AA11AA11AA11AA11AA11AA11 /* Build configuration list for PBXNativeTarget "MarkdownReader" */ = {
			isa = XCConfigurationList;
			buildConfigurations = (
				AA11AA11AA11AA11AA11AA0E /* Debug */,
				AA11AA11AA11AA11AA11AA0F /* Release */,
			);
			defaultConfigurationIsVisible = 0;
			defaultConfigurationName = Release;
		};
/* End XCConfigurationList section */

/* Begin XCRemoteSwiftPackageReference section */
		AA11AA11AA11AA11AA11AA12 /* XCRemoteSwiftPackageReference "textual" */ = {
			isa = XCRemoteSwiftPackageReference;
			repositoryURL = "https://github.com/gonzalezreal/textual";
			requirement = {
				kind = upToNextMinorVersion;
				minimumVersion = 0.5.0;
			};
		};
/* End XCRemoteSwiftPackageReference section */

/* Begin XCSwiftPackageProductDependency section */
		AA11AA11AA11AA11AA11AA13 /* Textual */ = {
			isa = XCSwiftPackageProductDependency;
			package = AA11AA11AA11AA11AA11AA12 /* XCRemoteSwiftPackageReference "textual" */;
			productName = Textual;
		};
/* End XCSwiftPackageProductDependency section */
	};
	rootObject = AA11AA11AA11AA11AA11AA09 /* Project object */;
}
